
Microsoft Visual Studio Solution File, Format Version 12.00
# Visual Studio Version 16
VisualStudioVersion = 16.0.30114.105
MinimumVisualStudioVersion = 10.0.40219.1
Project("{FAE04EC0-301F-11D3-BF4B-00C04F79EFBC}") = "API", "API\API.csproj", "{4FD46A9F-EAFE-430C-8D25-5FD8C7A6E432}"
EndProject
Project("{FAE04EC0-301F-11D3-BF4B-00C04F79EFBC}") = "Application", "Application\Application.csproj", "{F98763C0-845D-4EE3-AF1F-548ED31807C9}"
EndProject
Project("{FAE04EC0-301F-11D3-BF4B-00C04F79EFBC}") = "Domain", "Domain\Domain.csproj", "{EDA5F1B0-0F74-472F-A5E7-ABDF0897ACA2}"
EndProject
Project("{FAE04EC0-301F-11D3-BF4B-00C04F79EFBC}") = "Persistence", "Persistence\Persistence.csproj", "{DEE7792A-EF67-4A0F-A7AD-48761D70BB19}"
EndProject
Global
	GlobalSection(SolutionConfigurationPlatforms) = preSolution
		Debug|Any CPU = Debug|Any CPU
		Debug|x64 = Debug|x64
		Debug|x86 = Debug|x86
		Release|Any CPU = Release|Any CPU
		Release|x64 = Release|x64
		Release|x86 = Release|x86
	EndGlobalSection
	GlobalSection(SolutionProperties) = preSolution
		HideSolutionNode = FALSE
	EndGlobalSection
	GlobalSection(ProjectConfigurationPlatforms) = postSolution
		{4FD46A9F-EAFE-430C-8D25-5FD8C7A6E432}.Debug|Any CPU.ActiveCfg = Debug|Any CPU
		{4FD46A9F-EAFE-430C-8D25-5FD8C7A6E432}.Debug|Any CPU.Build.0 = Debug|Any CPU
		{4FD46A9F-EAFE-430C-8D25-5FD8C7A6E432}.Debug|x64.ActiveCfg = Debug|Any CPU
		{4FD46A9F-EAFE-430C-8D25-5FD8C7A6E432}.Debug|x64.Build.0 = Debug|Any CPU
		{4FD46A9F-EAFE-430C-8D25-5FD8C7A6E432}.Debug|x86.ActiveCfg = Debug|Any CPU
		{4FD46A9F-EAFE-430C-8D25-5FD8C7A6E432}.Debug|x86.Build.0 = Debug|Any CPU
		{4FD46A9F-EAFE-430C-8D25-5FD8C7A6E432}.Release|Any CPU.ActiveCfg = Release|Any CPU
		{4FD46A9F-EAFE-430C-8D25-5FD8C7A6E432}.Release|Any CPU.Build.0 = Release|Any CPU
		{4FD46A9F-EAFE-430C-8D25-5FD8C7A6E432}.Release|x64.ActiveCfg = Release|Any CPU
		{4FD46A9F-EAFE-430C-8D25-5FD8C7A6E432}.Release|x64.Build.0 = Release|Any CPU
		{4FD46A9F-EAFE-430C-8D25-5FD8C7A6E432}.Release|x86.ActiveCfg = Release|Any CPU
		{4FD46A9F-EAFE-430C-8D25-5FD8C7A6E432}.Release|x86.Build.0 = Release|Any CPU
		{F98763C0-845D-4EE3-AF1F-548ED31807C9}.Debug|Any CPU.ActiveCfg = Debug|Any CPU
		{F98763C0-845D-4EE3-AF1F-548ED31807C9}.Debug|Any CPU.Build.0 = Debug|Any CPU
		{F98763C0-845D-4EE3-AF1F-548ED31807C9}.Debug|x64.ActiveCfg = Debug|Any CPU
		{F98763C0-845D-4EE3-AF1F-548ED31807C9}.Debug|x64.Build.0 = Debug|Any CPU
		{F98763C0-845D-4EE3-AF1F-548ED31807C9}.Debug|x86.ActiveCfg = Debug|Any CPU
		{F98763C0-845D-4EE3-AF1F-548ED31807C9}.Debug|x86.Build.0 = Debug|Any CPU
		{F98763C0-845D-4EE3-AF1F-548ED31807C9}.Release|Any CPU.ActiveCfg = Release|Any CPU
		{F98763C0-845D-4EE3-AF1F-548ED31807C9}.Release|Any CPU.Build.0 = Release|Any CPU
		{F98763C0-845D-4EE3-AF1F-548ED31807C9}.Release|x64.ActiveCfg = Release|Any CPU
		{F98763C0-845D-4EE3-AF1F-548ED31807C9}.Release|x64.Build.0 = Release|Any CPU
		{F98763C0-845D-4EE3-AF1F-548ED31807C9}.Release|x86.ActiveCfg = Release|Any CPU
		{F98763C0-845D-4EE3-AF1F-548ED31807C9}.Release|x86.Build.0 = Release|Any CPU
		{EDA5F1B0-0F74-472F-A5E7-ABDF0897ACA2}.Debug|Any CPU.ActiveCfg = Debug|Any CPU
		{EDA5F1B0-0F74-472F-A5E7-ABDF0897ACA2}.Debug|Any CPU.Build.0 = Debug|Any CPU
		{EDA5F1B0-0F74-472F-A5E7-ABDF0897ACA2}.Debug|x64.ActiveCfg = Debug|Any CPU
		{EDA5F1B0-0F74-472F-A5E7-ABDF0897ACA2}.Debug|x64.Build.0 = Debug|Any CPU
		{EDA5F1B0-0F74-472F-A5E7-ABDF0897ACA2}.Debug|x86.ActiveCfg = Debug|Any CPU
		{EDA5F1B0-0F74-472F-A5E7-ABDF0897ACA2}.Debug|x86.Build.0 = Debug|Any CPU
		{EDA5F1B0-0F74-472F-A5E7-ABDF0897ACA2}.Release|Any CPU.ActiveCfg = Release|Any CPU
		{EDA5F1B0-0F74-472F-A5E7-ABDF0897ACA2}.Release|Any CPU.Build.0 = Release|Any CPU
		{EDA5F1B0-0F74-472F-A5E7-ABDF0897ACA2}.Release|x64.ActiveCfg = Release|Any CPU
		{EDA5F1B0-0F74-472F-A5E7-ABDF0897ACA2}.Release|x64.Build.0 = Release|Any CPU
		{EDA5F1B0-0F74-472F-A5E7-ABDF0897ACA2}.Release|x86.ActiveCfg = Release|Any CPU
		{EDA5F1B0-0F74-472F-A5E7-ABDF0897ACA2}.Release|x86.Build.0 = Release|Any CPU
		{DEE7792A-EF67-4A0F-A7AD-48761D70BB19}.Debug|Any CPU.ActiveCfg = Debug|Any CPU
		{DEE7792A-EF67-4A0F-A7AD-48761D70BB19}.Debug|Any CPU.Build.0 = Debug|Any CPU
		{DEE7792A-EF67-4A0F-A7AD-48761D70BB19}.Debug|x64.ActiveCfg = Debug|Any CPU
		{DEE7792A-EF67-4A0F-A7AD-48761D70BB19}.Debug|x64.Build.0 = Debug|Any CPU
		{DEE7792A-EF67-4A0F-A7AD-48761D70BB19}.Debug|x86.ActiveCfg = Debug|Any CPU
		{DEE7792A-EF67-4A0F-A7AD-48761D70BB19}.Debug|x86.Build.0 = Debug|Any CPU
		{DEE7792A-EF67-4A0F-A7AD-48761D70BB19}.Release|Any CPU.ActiveCfg = Release|Any CPU
		{DEE7792A-EF67-4A0F-A7AD-48761D70BB19}.Release|Any CPU.Build.0 = Release|Any CPU
		{DEE7792A-EF67-4A0F-A7AD-48761D70BB19}.Release|x64.ActiveCfg = Release|Any CPU
		{DEE7792A-EF67-4A0F-A7AD-48761D70BB19}.Release|x64.Build.0 = Release|Any CPU
		{DEE7792A-EF67-4A0F-A7AD-48761D70BB19}.Release|x86.ActiveCfg = Release|Any CPU
		{DEE7792A-EF67-4A0F-A7AD-48761D70BB19}.Release|x86.Build.0 = Release|Any CPU
	EndGlobalSection
EndGlobal
